// !$*UTF8*$!
{
	archiveVersion = 1;
	classes = {
	};
	objectVersion = 46;
	objects = {

/* Begin PBXBuildFile section */
		422EB6FA1A0212F5007DF599 /* IMG_4348.JPG in Resources */ = {isa = PBXBuildFile; fileRef = 422EB6F91A0212F5007DF599 /* IMG_4348.JPG */; };
		422EB6FC1A021301007DF599 /* Unknown.jpeg in Resources */ = {isa = PBXBuildFile; fileRef = 422EB6FB1A021301007DF599 /* Unknown.jpeg */; };
		42CA2DBF1A012BAF000225D7 /* AppDelegate.swift in Sources */ = {isa = PBXBuildFile; fileRef = 42CA2DBE1A012BAF000225D7 /* AppDelegate.swift */; };
		42CA2DC11A012BAF000225D7 /* ViewController.swift in Sources */ = {isa = PBXBuildFile; fileRef = 42CA2DC01A012BAF000225D7 /* ViewController.swift */; };
		42CA2DC41A012BAF000225D7 /* Main.storyboard in Resources */ = {isa = PBXBuildFile; fileRef = 42CA2DC21A012BAF000225D7 /* Main.storyboard */; };
		42CA2DC61A012BAF000225D7 /* Images.xcassets in Resources */ = {isa = PBXBuildFile; fileRef = 42CA2DC51A012BAF000225D7 /* Images.xcassets */; };
		42CA2DC91A012BAF000225D7 /* LaunchScreen.xib in Resources */ = {isa = PBXBuildFile; fileRef = 42CA2DC71A012BAF000225D7 /* LaunchScreen.xib */; };
		42CA2DD51A012BAF000225D7 /* Prova2Tests.swift in Sources */ = {isa = PBXBuildFile; fileRef = 42CA2DD41A012BAF000225D7 /* Prova2Tests.swift */; };
/* End PBXBuildFile section */

/* Begin PBXContainerItemProxy section */
		42CA2DCF1A012BAF000225D7 /* PBXContainerItemProxy */ = {
			isa = PBXContainerItemProxy;
			containerPortal = 42CA2DB11A012BAF000225D7 /* Project object */;
			proxyType = 1;
			remoteGlobalIDString = 42CA2DB81A012BAF000225D7;
			remoteInfo = Prova2;
		};
/* End PBXContainerItemProxy section */

/* Begin PBXFileReference section */
		422EB6F91A0212F5007DF599 /* IMG_4348.JPG */ = {isa = PBXFileReference; lastKnownFileType = image.jpeg; path = IMG_4348.JPG; sourceTree = "<group>"; };
		422EB6FB1A021301007DF599 /* Unknown.jpeg */ = {isa = PBXFileReference; lastKnownFileType = image.jpeg; path = Unknown.jpeg; sourceTree = "<group>"; };
		42CA2DB91A012BAF000225D7 /* Prova2.app */ = {isa = PBXFileReference; explicitFileType = wrapper.application; includeInIndex = 0; path = Prova2.app; sourceTree = BUILT_PRODUCTS_DIR; };
		42CA2DBD1A012BAF000225D7 /* Info.plist */ = {isa = PBXFileReference; lastKnownFileType = text.plist.xml; path = Info.plist; sourceTree = "<group>"; };
		42CA2DBE1A012BAF000225D7 /* AppDelegate.swift */ = {isa = PBXFileReference; lastKnownFileType = sourcecode.swift; path = AppDelegate.swift; sourceTree = "<group>"; };
		42CA2DC01A012BAF000225D7 /* ViewController.swift */ = {isa = PBXFileReference; lastKnownFileType = sourcecode.swift; path = ViewController.swift; sourceTree = "<group>"; };
		42CA2DC31A012BAF000225D7 /* Base */ = {isa = PBXFileReference; lastKnownFileType = file.storyboard; name = Base; path = Base.lproj/Main.storyboard; sourceTree = "<group>"; };
		42CA2DC51A012BAF000225D7 /* Images.xcassets */ = {isa = PBXFileReference; lastKnownFileType = folder.assetcatalog; path = Images.xcassets; sourceTree = "<group>"; };
		42CA2DC81A012BAF000225D7 /* Base */ = {isa = PBXFileReference; lastKnownFileType = file.xib; name = Base; path = Base.lproj/LaunchScreen.xib; sourceTree = "<group>"; };
		42CA2DCE1A012BAF000225D7 /* Prova2Tests.xctest */ = {isa = PBXFileReference; explicitFileType = wrapper.cfbundle; includeInIndex = 0; path = Prova2Tests.xctest; sourceTree = BUILT_PRODUCTS_DIR; };
		42CA2DD31A012BAF000225D7 /* Info.plist */ = {isa = PBXFileReference; lastKnownFileType = text.plist.xml; path = Info.plist; sourceTree = "<group>"; };
		42CA2DD41A012BAF000225D7 /* Prova2Tests.swift */ = {isa = PBXFileReference; lastKnownFileType = sourcecode.swift; path = Prova2Tests.swift; sourceTree = "<group>"; };
/* End PBXFileReference section */

/* Begin PBXFrameworksBuildPhase section */
		42CA2DB61A012BAF000225D7 /* Frameworks */ = {
			isa = PBXFrameworksBuildPhase;
			buildActionMask = 2147483647;
			files = (
			);
			runOnlyForDeploymentPostprocessing = 0;
		};
		42CA2DCB1A012BAF000225D7 /* Frameworks */ = {
			isa = PBXFrameworksBuildPhase;
			buildActionMask = 2147483647;
			files = (
			);
			runOnlyForDeploymentPostprocessing = 0;
		};
/* End PBXFrameworksBuildPhase section */

/* Begin PBXGroup section */
		42CA2DB01A012BAF000225D7 = {
			isa = PBXGroup;
			children = (
				42CA2DBB1A012BAF000225D7 /* Prova2 */,
				42CA2DD11A012BAF000225D7 /* Prova2Tests */,
				42CA2DBA1A012BAF000225D7 /* Products */,
			);
			sourceTree = "<group>";
		};
		42CA2DBA1A012BAF000225D7 /* Products */ = {
			isa = PBXGroup;
			children = (
				42CA2DB91A012BAF000225D7 /* Prova2.app */,
				42CA2DCE1A012BAF000225D7 /* Prova2Tests.xctest */,
			);
			name = Products;
			sourceTree = "<group>";
		};
		42CA2DBB1A012BAF000225D7 /* Prova2 */ = {
			isa = PBXGroup;
			children = (
				42CA2DBE1A012BAF000225D7 /* AppDelegate.swift */,
				42CA2DC01A012BAF000225D7 /* ViewController.swift */,
				42CA2DC21A012BAF000225D7 /* Main.storyboard */,
				42CA2DC51A012BAF000225D7 /* Images.xcassets */,
				42CA2DC71A012BAF000225D7 /* LaunchScreen.xib */,
				42CA2DBC1A012BAF000225D7 /* Supporting Files */,
			);
			path = Prova2;
			sourceTree = "<group>";
		};
		42CA2DBC1A012BAF000225D7 /* Supporting Files */ = {
			isa = PBXGroup;
			children = (
				422EB6FB1A021301007DF599 /* Unknown.jpeg */,
				422EB6F91A0212F5007DF599 /* IMG_4348.JPG */,
				42CA2DBD1A012BAF000225D7 /* Info.plist */,
			);
			name = "Supporting Files";
			sourceTree = "<group>";
		};
		42CA2DD11A012BAF000225D7 /* Prova2Tests */ = {
			isa = PBXGroup;
			children = (
				42CA2DD41A012BAF000225D7 /* Prova2Tests.swift */,
				42CA2DD21A012BAF000225D7 /* Supporting Files */,
			);
			path = Prova2Tests;
			sourceTree = "<group>";
		};
		42CA2DD21A012BAF000225D7 /* Supporting Files */ = {
			isa = PBXGroup;
			children = (
				42CA2DD31A012BAF000225D7 /* Info.plist */,
			);
			name = "Supporting Files";
			sourceTree = "<group>";
		};
/* End PBXGroup section */

/* Begin PBXNativeTarget section */
		42CA2DB81A012BAF000225D7 /* Prova2 */ = {
			isa = PBXNativeTarget;
			buildConfigurationList = 42CA2DD81A012BAF000225D7 /* Build configuration list for PBXNativeTarget "Prova2" */;
			buildPhases = (
				42CA2DB51A012BAF000225D7 /* Sources */,
				42CA2DB61A012BAF000225D7 /* Frameworks */,
				42CA2DB71A012BAF000225D7 /* Resources */,
			);
			buildRules = (
			);
			dependencies = (
			);
			name = Prova2;
			productName = Prova2;
			productReference = 42CA2DB91A012BAF000225D7 /* Prova2.app */;
			productType = "com.apple.product-type.application";
		};
		42CA2DCD1A012BAF000225D7 /* Prova2Tests */ = {
			isa = PBXNativeTarget;
			buildConfigurationList = 42CA2DDB1A012BAF000225D7 /* Build configuration list for PBXNativeTarget "Prova2Tests" */;
			buildPhases = (
				42CA2DCA1A012BAF000225D7 /* Sources */,
				42CA2DCB1A012BAF000225D7 /* Frameworks */,
				42CA2DCC1A012BAF000225D7 /* Resources */,
			);
			buildRules = (
			);
			dependencies = (
				42CA2DD01A012BAF000225D7 /* PBXTargetDependency */,
			);
			name = Prova2Tests;
			productName = Prova2Tests;
			productReference = 42CA2DCE1A012BAF000225D7 /* Prova2Tests.xctest */;
			productType = "com.apple.product-type.bundle.unit-test";
		};
/* End PBXNativeTarget section */

/* Begin PBXProject section */
		42CA2DB11A012BAF000225D7 /* Project object */ = {
			isa = PBXProject;
			attributes = {
				LastUpgradeCheck = 0610;
				ORGANIZATIONNAME = "Luca Lucchesi";
				TargetAttributes = {
					42CA2DB81A012BAF000225D7 = {
						CreatedOnToolsVersion = 6.1;
					};
					42CA2DCD1A012BAF000225D7 = {
						CreatedOnToolsVersion = 6.1;
						TestTargetID = 42CA2DB81A012BAF000225D7;
					};
				};
			};
			buildConfigurationList = 42CA2DB41A012BAF000225D7 /* Build configuration list for PBXProject "Prova2" */;
			compatibilityVersion = "Xcode 3.2";
			developmentRegion = English;
			hasScannedForEncodings = 0;
			knownRegions = (
				en,
				Base,
			);
			mainGroup = 42CA2DB01A012BAF000225D7;
			productRefGroup = 42CA2DBA1A012BAF000225D7 /* Products */;
			projectDirPath = "";
			projectRoot = "";
			targets = (
				42CA2DB81A012BAF000225D7 /* Prova2 */,
				42CA2DCD1A012BAF000225D7 /* Prova2Tests */,
			);
		};
/* End PBXProject section */

/* Begin PBXResourcesBuildPhase section */
		42CA2DB71A012BAF000225D7 /* Resources */ = {
			isa = PBXResourcesBuildPhase;
			buildActionMask = 2147483647;
			files = (
				42CA2DC41A012BAF000225D7 /* Main.storyboard in Resources */,
				42CA2DC91A012BAF000225D7 /* LaunchScreen.xib in Resources */,
				422EB6FA1A0212F5007DF599 /* IMG_4348.JPG in Resources */,
				42CA2DC61A012BAF000225D7 /* Images.xcassets in Resources */,
				422EB6FC1A021301007DF599 /* Unknown.jpeg in Resources */,
			);
			runOnlyForDeploymentPostprocessing = 0;
		};
		42CA2DCC1A012BAF000225D7 /* Resources */ = {
			isa = PBXResourcesBuildPhase;
			buildActionMask = 2147483647;
			files = (
			);
			runOnlyForDeploymentPostprocessing = 0;
		};
/* End PBXResourcesBuildPhase section */

/* Begin PBXSourcesBuildPhase section */
		42CA2DB51A012BAF000225D7 /* Sources */ = {
			isa = PBXSourcesBuildPhase;
			buildActionMask = 2147483647;
			files = (
				42CA2DC11A012BAF000225D7 /* ViewController.swift in Sources */,
				42CA2DBF1A012BAF000225D7 /* AppDelegate.swift in Sources */,
			);
			runOnlyForDeploymentPostprocessing = 0;
		};
		42CA2DCA1A012BAF000225D7 /* Sources */ = {
			isa = PBXSourcesBuildPhase;
			buildActionMask = 2147483647;
			files = (
				42CA2DD51A012BAF000225D7 /* Prova2Tests.swift in Sources */,
			);
			runOnlyForDeploymentPostprocessing = 0;
		};
/* End PBXSourcesBuildPhase section */

/* Begin PBXTargetDependency section */
		42CA2DD01A012BAF000225D7 /* PBXTargetDependency */ = {
			isa = PBXTargetDependency;
			target = 42CA2DB81A012BAF000225D7 /* Prova2 */;
			targetProxy = 42CA2DCF1A012BAF000225D7 /* PBXContainerItemProxy */;
		};
/* End PBXTargetDependency section */

/* Begin PBXVariantGroup section */
		42CA2DC21A012BAF000225D7 /* Main.storyboard */ = {
			isa = PBXVariantGroup;
			children = (
				42CA2DC31A012BAF000225D7 /* Base */,
			);
			name = Main.storyboard;
			sourceTree = "<group>";
		};
		42CA2DC71A012BAF000225D7 /* LaunchScreen.xib */ = {
			isa = PBXVariantGroup;
			children = (
				42CA2DC81A012BAF000225D7 /* Base */,
			);
			name = LaunchScreen.xib;
			sourceTree = "<group>";
		};
/* End PBXVariantGroup section */

/* Begin XCBuildConfiguration section */
		42CA2DD61A012BAF000225D7 /* Debug */ = {
			isa = XCBuildConfiguration;
			buildSettings = {
				ALWAYS_SEARCH_USER_PATHS = NO;
				CLANG_CXX_LANGUAGE_STANDARD = "gnu++0x";
				CLANG_CXX_LIBRARY = "libc++";
				CLANG_ENABLE_MODULES = YES;
				CLANG_ENABLE_OBJC_ARC = YES;
				CLANG_WARN_BOOL_CONVERSION = YES;
				CLANG_WARN_CONSTANT_CONVERSION = YES;
				CLANG_WARN_DIRECT_OBJC_ISA_USAGE = YES_ERROR;
				CLANG_WARN_EMPTY_BODY = YES;
				CLANG_WARN_ENUM_CONVERSION = YES;
				CLANG_WARN_INT_CONVERSION = YES;
				CLANG_WARN_OBJC_ROOT_CLASS = YES_ERROR;
				CLANG_WARN_UNREACHABLE_CODE = YES;
				CLANG_WARN__DUPLICATE_METHOD_MATCH = YES;
				"CODE_SIGN_IDENTITY[sdk=iphoneos*]" = "iPhone Developer";
				COPY_PHASE_STRIP = NO;
				ENABLE_STRICT_OBJC_MSGSEND = YES;
				GCC_C_LANGUAGE_STANDARD = gnu99;
				GCC_DYNAMIC_NO_PIC = NO;
				GCC_OPTIMIZATION_LEVEL = 0;
				GCC_PREPROCESSOR_DEFINITIONS = (
					"DEBUG=1",
					"$(inherited)",
				);
				GCC_SYMBOLS_PRIVATE_EXTERN = NO;
				GCC_WARN_64_TO_32_BIT_CONVERSION = YES;
				GCC_WARN_ABOUT_RETURN_TYPE = YES_ERROR;
				GCC_WARN_UNDECLARED_SELECTOR = YES;
				GCC_WARN_UNINITIALIZED_AUTOS = YES_AGGRESSIVE;
				GCC_WARN_UNUSED_FUNCTION = YES;
				GCC_WARN_UNUSED_VARIABLE = YES;
				IPHONEOS_DEPLOYMENT_TARGET = 8.1;
				MTL_ENABLE_DEBUG_INFO = YES;
				ONLY_ACTIVE_ARCH = YES;
				SDKROOT = iphoneos;
				SWIFT_OPTIMIZATION_LEVEL = "-Onone";
			};
			name = Debug;
		};
		42CA2DD71A012BAF000225D7 /* Release */ = {
			isa = XCBuildConfiguration;
			buildSettings = {
				ALWAYS_SEARCH_USER_PATHS = NO;
				CLANG_CXX_LANGUAGE_STANDARD = "gnu++0x";
				CLANG_CXX_LIBRARY = "libc++";
				CLANG_ENABLE_MODULES = YES;
				CLANG_ENABLE_OBJC_ARC = YES;
				CLANG_WARN_BOOL_CONVERSION = YES;
				CLANG_WARN_CONSTANT_CONVERSION = YES;
				CLANG_WARN_DIRECT_OBJC_ISA_USAGE = YES_ERROR;
				CLANG_WARN_EMPTY_BODY = YES;
				CLANG_WARN_ENUM_CONVERSION = YES;
				CLANG_WARN_INT_CONVERSION = YES;
				CLANG_WARN_OBJC_ROOT_CLASS = YES_ERROR;
				CLANG_WARN_UNREACHABLE_CODE = YES;
				CLANG_WARN__DUPLICATE_METHOD_MATCH = YES;
				"CODE_SIGN_IDENTITY[sdk=iphoneos*]" = "iPhone Developer";
				COPY_PHASE_STRIP = YES;
				ENABLE_NS_ASSERTIONS = NO;
				ENABLE_STRICT_OBJC_MSGSEND = YES;
				GCC_C_LANGUAGE_STANDARD = gnu99;
				GCC_WARN_64_TO_32_BIT_CONVERSION = YES;
				GCC_WARN_ABOUT_RETURN_TYPE = YES_ERROR;
				GCC_WARN_UNDECLARED_SELECTOR = YES;
				GCC_WARN_UNINITIALIZED_AUTOS = YES_AGGRESSIVE;
				GCC_WARN_UNUSED_FUNCTION = YES;
				GCC_WARN_UNUSED_VARIABLE = YES;
				IPHONEOS_DEPLOYMENT_TARGET = 8.1;
				MTL_ENABLE_DEBUG_INFO = NO;
				SDKROOT = iphoneos;
				VALIDATE_PRODUCT = YES;
			};
			name = Release;
		};
		42CA2DD91A012BAF000225D7 /* Debug */ = {
			isa = XCBuildConfiguration;
			buildSettings = {
				ASSETCATALOG_COMPILER_APPICON_NAME = AppIcon;
				INFOPLIST_FILE = Prova2/Info.plist;
				LD_RUNPATH_SEARCH_PATHS = "$(inherited) @executable_path/Frameworks";
				PRODUCT_NAME = "$(TARGET_NAME)";
			};
			name = Debug;
		};
		42CA2DDA1A012BAF000225D7 /* Release */ = {
			isa = XCBuildConfiguration;
			buildSettings = {
				ASSETCATALOG_COMPILER_APPICON_NAME = AppIcon;
				INFOPLIST_FILE = Prova2/Info.plist;
				LD_RUNPATH_SEARCH_PATHS = "$(inherited) @executable_path/Frameworks";
				PRODUCT_NAME = "$(TARGET_NAME)";
			};
			name = Release;
		};
		42CA2DDC1A012BAF000225D7 /* Debug */ = {
			isa = XCBuildConfiguration;
			buildSettings = {
				BUNDLE_LOADER = "$(TEST_HOST)";
				FRAMEWORK_SEARCH_PATHS = (
					"$(SDKROOT)/Developer/Library/Frameworks",
					"$(inherited)",
				);
				GCC_PREPROCESSOR_DEFINITIONS = (
					"DEBUG=1",
					"$(inherited)",
				);
				INFOPLIST_FILE = Prova2Tests/Info.plist;
				LD_RUNPATH_SEARCH_PATHS = "$(inherited) @executable_path/Frameworks @loader_path/Frameworks";
				PRODUCT_NAME = "$(TARGET_NAME)";
				TEST_HOST = "$(BUILT_PRODUCTS_DIR)/Prova2.app/Prova2";
			};
			name = Debug;
		};
		42CA2DDD1A012BAF000225D7 /* Release */ = {
			isa = XCBuildConfiguration;
			buildSettings = {
				BUNDLE_LOADER = "$(TEST_HOST)";
				FRAMEWORK_SEARCH_PATHS = (
					"$(SDKROOT)/Developer/Library/Frameworks",
					"$(inherited)",
				);
				INFOPLIST_FILE = Prova2Tests/Info.plist;
				LD_RUNPATH_SEARCH_PATHS = "$(inherited) @executable_path/Frameworks @loader_path/Frameworks";
				PRODUCT_NAME = "$(TARGET_NAME)";
				TEST_HOST = "$(BUILT_PRODUCTS_DIR)/Prova2.app/Prova2";
			};
			name = Release;
		};
/* End XCBuildConfiguration section */

/* Begin XCConfigurationList section */
		42CA2DB41A012BAF000225D7 /* Build configuration list for PBXProject "Prova2" */ = {
			isa = XCConfigurationList;
			buildConfigurations = (
				42CA2DD61A012BAF000225D7 /* Debug */,
				42CA2DD71A012BAF000225D7 /* Release */,
			);
			defaultConfigurationIsVisible = 0;
			defaultConfigurationName = Release;
		};
		42CA2DD81A012BAF000225D7 /* Build configuration list for PBXNativeTarget "Prova2" */ = {
			isa = XCConfigurationList;
			buildConfigurations = (
				42CA2DD91A012BAF000225D7 /* Debug */,
				42CA2DDA1A012BAF000225D7 /* Release */,
			);
			defaultConfigurationIsVisible = 0;
			defaultConfigurationName = Release;
		};
		42CA2DDB1A012BAF000225D7 /* Build configuration list for PBXNativeTarget "Prova2Tests" */ = {
			isa = XCConfigurationList;
			buildConfigurations = (
				42CA2DDC1A012BAF000225D7 /* Debug */,
				42CA2DDD1A012BAF000225D7 /* Release */,
			);
			defaultConfigurationIsVisible = 0;
			defaultConfigurationName = Release;
		};
/* End XCConfigurationList section */
	};
	rootObject = 42CA2DB11A012BAF000225D7 /* Project object */;
}
